
Microsoft Visual Studio Solution File, Format Version 12.00
# Visual Studio 15
Project("{FAE04EC0-301F-11D3-BF4B-00C04F79EFBC}") = "Assembly-CSharp", "Assembly-CSharp.csproj", "{86A0AB07-DAE7-3FB8-5A9E-0C206C43F294}"
EndProject
Project("{FAE04EC0-301F-11D3-BF4B-00C04F79EFBC}") = "Assembly-CSharp-Editor", "Assembly-CSharp-Editor.csproj", "{88F0F54F-E49C-6AF5-891A-BF4FB68791A0}"
EndProject
Global
	GlobalSection(SolutionConfigurationPlatforms) = preSolution
		Debug|Any CPU = Debug|Any CPU
		Release|Any CPU = Release|Any CPU
	EndGlobalSection
	GlobalSection(ProjectConfigurationPlatforms) = postSolution
		{86A0AB07-DAE7-3FB8-5A9E-0C206C43F294}.Debug|Any CPU.ActiveCfg = Debug|Any CPU
		{86A0AB07-DAE7-3FB8-5A9E-0C206C43F294}.Debug|Any CPU.Build.0 = Debug|Any CPU
		{86A0AB07-DAE7-3FB8-5A9E-0C206C43F294}.Release|Any CPU.ActiveCfg = Release|Any CPU
		{86A0AB07-DAE7-3FB8-5A9E-0C206C43F294}.Release|Any CPU.Build.0 = Release|Any CPU
		{88F0F54F-E49C-6AF5-891A-BF4FB68791A0}.Debug|Any CPU.ActiveCfg = Debug|Any CPU
		{88F0F54F-E49C-6AF5-891A-BF4FB68791A0}.Debug|Any CPU.Build.0 = Debug|Any CPU
		{88F0F54F-E49C-6AF5-891A-BF4FB68791A0}.Release|Any CPU.ActiveCfg = Release|Any CPU
		{88F0F54F-E49C-6AF5-891A-BF4FB68791A0}.Release|Any CPU.Build.0 = Release|Any CPU
	EndGlobalSection
	GlobalSection(SolutionProperties) = preSolution
		HideSolutionNode = FALSE
	EndGlobalSection
EndGlobal
